// !$*UTF8*$!
{
	archiveVersion = 1;
	classes = {
	};
	objectVersion = 46;
	objects = {

/* Begin PBXBuildFile section */
		EB09EFF615A4C67A001A78DC /* Foundation.framework in Frameworks */ = {isa = PBXBuildFile; fileRef = EB09EFF515A4C67A001A78DC /* Foundation.framework */; };
		EB09EFF815A4C67A001A78DC /* UIKit.framework in Frameworks */ = {isa = PBXBuildFile; fileRef = EB09EFF715A4C67A001A78DC /* UIKit.framework */; settings = {ATTRIBUTES = (Weak, ); }; };
		EB09EFFA15A4C67A001A78DC /* CoreGraphics.framework in Frameworks */ = {isa = PBXBuildFile; fileRef = EB09EFF915A4C67A001A78DC /* CoreGraphics.framework */; };
		EB09EFFC15A4C67A001A78DC /* AddressBook.framework in Frameworks */ = {isa = PBXBuildFile; fileRef = EB09EFFB15A4C67A001A78DC /* AddressBook.framework */; };
		EB09EFFE15A4C67A001A78DC /* AddressBookUI.framework in Frameworks */ = {isa = PBXBuildFile; fileRef = EB09EFFD15A4C67A001A78DC /* AddressBookUI.framework */; };
		EB09F00015A4C67A001A78DC /* AudioToolbox.framework in Frameworks */ = {isa = PBXBuildFile; fileRef = EB09EFFF15A4C67A001A78DC /* AudioToolbox.framework */; };
		EB09F00215A4C67A001A78DC /* AVFoundation.framework in Frameworks */ = {isa = PBXBuildFile; fileRef = EB09F00115A4C67A001A78DC /* AVFoundation.framework */; settings = {ATTRIBUTES = (Weak, ); }; };
		EB09F00415A4C67A001A78DC /* CoreLocation.framework in Frameworks */ = {isa = PBXBuildFile; fileRef = EB09F00315A4C67A001A78DC /* CoreLocation.framework */; };
		EB09F00615A4C67A001A78DC /* MediaPlayer.framework in Frameworks */ = {isa = PBXBuildFile; fileRef = EB09F00515A4C67A001A78DC /* MediaPlayer.framework */; };
		EB09F00815A4C67A001A78DC /* QuartzCore.framework in Frameworks */ = {isa = PBXBuildFile; fileRef = EB09F00715A4C67A001A78DC /* QuartzCore.framework */; };
		EB09F00A15A4C67A001A78DC /* SystemConfiguration.framework in Frameworks */ = {isa = PBXBuildFile; fileRef = EB09F00915A4C67A001A78DC /* SystemConfiguration.framework */; };
		EB09F00C15A4C67A001A78DC /* MobileCoreServices.framework in Frameworks */ = {isa = PBXBuildFile; fileRef = EB09F00B15A4C67A001A78DC /* MobileCoreServices.framework */; };
		EB09F00E15A4C67A001A78DC /* CoreMedia.framework in Frameworks */ = {isa = PBXBuildFile; fileRef = EB09F00D15A4C67A001A78DC /* CoreMedia.framework */; settings = {ATTRIBUTES = (Weak, ); }; };
		EB09F01415A4C67A001A78DC /* InfoPlist.strings in Resources */ = {isa = PBXBuildFile; fileRef = EB09F01215A4C67A001A78DC /* InfoPlist.strings */; };
		EB09F01615A4C67A001A78DC /* main.m in Sources */ = {isa = PBXBuildFile; fileRef = EB09F01515A4C67A001A78DC /* main.m */; };
		EB09F01E15A4C67A001A78DC /* Localizable.strings in Resources */ = {isa = PBXBuildFile; fileRef = EB09F01C15A4C67A001A78DC /* Localizable.strings */; };
		EB09F02215A4C67A001A78DC /* Localizable.strings in Resources */ = {isa = PBXBuildFile; fileRef = EB09F02015A4C67A001A78DC /* Localizable.strings */; };
		EB09F02615A4C67A001A78DC /* Localizable.strings in Resources */ = {isa = PBXBuildFile; fileRef = EB09F02415A4C67A001A78DC /* Localizable.strings */; };
		EB09F02A15A4C67A001A78DC /* Localizable.strings in Resources */ = {isa = PBXBuildFile; fileRef = EB09F02815A4C67A001A78DC /* Localizable.strings */; };
		EB09F02D15A4C67A001A78DC /* icon.png in Resources */ = {isa = PBXBuildFile; fileRef = EB09F02C15A4C67A001A78DC /* icon.png */; };
		EB09F02F15A4C67A001A78DC /* icon@2x.png in Resources */ = {isa = PBXBuildFile; fileRef = EB09F02E15A4C67A001A78DC /* icon@2x.png */; };
		EB09F03115A4C67A001A78DC /* icon-72.png in Resources */ = {isa = PBXBuildFile; fileRef = EB09F03015A4C67A001A78DC /* icon-72.png */; };
		EB09F03415A4C67A001A78DC /* Default~iphone.png in Resources */ = {isa = PBXBuildFile; fileRef = EB09F03315A4C67A001A78DC /* Default~iphone.png */; };
		EB09F03615A4C67A001A78DC /* Default@2x~iphone.png in Resources */ = {isa = PBXBuildFile; fileRef = EB09F03515A4C67A001A78DC /* Default@2x~iphone.png */; };
		EB09F03815A4C67A001A78DC /* Capture.bundle in Resources */ = {isa = PBXBuildFile; fileRef = EB09F03715A4C67A001A78DC /* Capture.bundle */; };
		EB09F03A15A4C67A001A78DC /* Cordova.plist in Resources */ = {isa = PBXBuildFile; fileRef = EB09F03915A4C67A001A78DC /* Cordova.plist */; };
		EB09F03E15A4C67A001A78DC /* AppDelegate.m in Sources */ = {isa = PBXBuildFile; fileRef = EB09F03D15A4C67A001A78DC /* AppDelegate.m */; };
		EB09F04115A4C67A001A78DC /* MainViewController.m in Sources */ = {isa = PBXBuildFile; fileRef = EB09F04015A4C67A001A78DC /* MainViewController.m */; };
		EB09F04315A4C67A001A78DC /* MainViewController.xib in Resources */ = {isa = PBXBuildFile; fileRef = EB09F04215A4C67A001A78DC /* MainViewController.xib */; };
		EB09F04D15A4CA93001A78DC /* incubator-cordova-mobile-spec in Resources */ = {isa = PBXBuildFile; fileRef = EB09F04C15A4CA93001A78DC /* incubator-cordova-mobile-spec */; };
		EB09F06415A4D36C001A78DC /* VERSION in Resources */ = {isa = PBXBuildFile; fileRef = EB09F06315A4D36C001A78DC /* VERSION */; };
		EBA354FD15A5E1CB00F4DE24 /* libCordova.a in Frameworks */ = {isa = PBXBuildFile; fileRef = EBA354F615A5E16900F4DE24 /* libCordova.a */; };
/* End PBXBuildFile section */

/* Begin PBXContainerItemProxy section */
		EBA354F515A5E16900F4DE24 /* PBXContainerItemProxy */ = {
			isa = PBXContainerItemProxy;
			containerPortal = EB09F04E15A4D072001A78DC /* CordovaLib.xcodeproj */;
			proxyType = 2;
			remoteGlobalIDString = 68A32D7114102E1C006B237C;
			remoteInfo = CordovaLib;
		};
		EBA354F715A5E16900F4DE24 /* PBXContainerItemProxy */ = {
			isa = PBXContainerItemProxy;
			containerPortal = EB09F04E15A4D072001A78DC /* CordovaLib.xcodeproj */;
			proxyType = 2;
			remoteGlobalIDString = 303258D8136B2C9400982B63;
			remoteInfo = Cordova;
		};
		EBA354F915A5E16900F4DE24 /* PBXContainerItemProxy */ = {
			isa = PBXContainerItemProxy;
			containerPortal = EB09F04E15A4D072001A78DC /* CordovaLib.xcodeproj */;
			proxyType = 2;
			remoteGlobalIDString = 686357A9141002F100DF4CF2;
			remoteInfo = CordovaLibTests;
		};
		EBA354FB15A5E16900F4DE24 /* PBXContainerItemProxy */ = {
			isa = PBXContainerItemProxy;
			containerPortal = EB09F04E15A4D072001A78DC /* CordovaLib.xcodeproj */;
			proxyType = 2;
			remoteGlobalIDString = 303A4068152124BB00182201;
			remoteInfo = CordovaLibApp;
		};
		EBA354FE15A5E1D300F4DE24 /* PBXContainerItemProxy */ = {
			isa = PBXContainerItemProxy;
			containerPortal = EB09F04E15A4D072001A78DC /* CordovaLib.xcodeproj */;
			proxyType = 1;
			remoteGlobalIDString = D2AAC07D0554694100DB518D;
			remoteInfo = CordovaLib;
		};
/* End PBXContainerItemProxy section */

/* Begin PBXFileReference section */
		EB09EFF115A4C67A001A78DC /* MobileSpec.app */ = {isa = PBXFileReference; explicitFileType = wrapper.application; includeInIndex = 0; path = MobileSpec.app; sourceTree = BUILT_PRODUCTS_DIR; };
		EB09EFF515A4C67A001A78DC /* Foundation.framework */ = {isa = PBXFileReference; lastKnownFileType = wrapper.framework; name = Foundation.framework; path = System/Library/Frameworks/Foundation.framework; sourceTree = SDKROOT; };
		EB09EFF715A4C67A001A78DC /* UIKit.framework */ = {isa = PBXFileReference; lastKnownFileType = wrapper.framework; name = UIKit.framework; path = System/Library/Frameworks/UIKit.framework; sourceTree = SDKROOT; };
		EB09EFF915A4C67A001A78DC /* CoreGraphics.framework */ = {isa = PBXFileReference; lastKnownFileType = wrapper.framework; name = CoreGraphics.framework; path = System/Library/Frameworks/CoreGraphics.framework; sourceTree = SDKROOT; };
		EB09EFFB15A4C67A001A78DC /* AddressBook.framework */ = {isa = PBXFileReference; lastKnownFileType = wrapper.framework; name = AddressBook.framework; path = System/Library/Frameworks/AddressBook.framework; sourceTree = SDKROOT; };
		EB09EFFD15A4C67A001A78DC /* AddressBookUI.framework */ = {isa = PBXFileReference; lastKnownFileType = wrapper.framework; name = AddressBookUI.framework; path = System/Library/Frameworks/AddressBookUI.framework; sourceTree = SDKROOT; };
		EB09EFFF15A4C67A001A78DC /* AudioToolbox.framework */ = {isa = PBXFileReference; lastKnownFileType = wrapper.framework; name = AudioToolbox.framework; path = System/Library/Frameworks/AudioToolbox.framework; sourceTree = SDKROOT; };
		EB09F00115A4C67A001A78DC /* AVFoundation.framework */ = {isa = PBXFileReference; lastKnownFileType = wrapper.framework; name = AVFoundation.framework; path = System/Library/Frameworks/AVFoundation.framework; sourceTree = SDKROOT; };
		EB09F00315A4C67A001A78DC /* CoreLocation.framework */ = {isa = PBXFileReference; lastKnownFileType = wrapper.framework; name = CoreLocation.framework; path = System/Library/Frameworks/CoreLocation.framework; sourceTree = SDKROOT; };
		EB09F00515A4C67A001A78DC /* MediaPlayer.framework */ = {isa = PBXFileReference; lastKnownFileType = wrapper.framework; name = MediaPlayer.framework; path = System/Library/Frameworks/MediaPlayer.framework; sourceTree = SDKROOT; };
		EB09F00715A4C67A001A78DC /* QuartzCore.framework */ = {isa = PBXFileReference; lastKnownFileType = wrapper.framework; name = QuartzCore.framework; path = System/Library/Frameworks/QuartzCore.framework; sourceTree = SDKROOT; };
		EB09F00915A4C67A001A78DC /* SystemConfiguration.framework */ = {isa = PBXFileReference; lastKnownFileType = wrapper.framework; name = SystemConfiguration.framework; path = System/Library/Frameworks/SystemConfiguration.framework; sourceTree = SDKROOT; };
		EB09F00B15A4C67A001A78DC /* MobileCoreServices.framework */ = {isa = PBXFileReference; lastKnownFileType = wrapper.framework; name = MobileCoreServices.framework; path = System/Library/Frameworks/MobileCoreServices.framework; sourceTree = SDKROOT; };
		EB09F00D15A4C67A001A78DC /* CoreMedia.framework */ = {isa = PBXFileReference; lastKnownFileType = wrapper.framework; name = CoreMedia.framework; path = System/Library/Frameworks/CoreMedia.framework; sourceTree = SDKROOT; };
		EB09F01115A4C67A001A78DC /* MobileSpec-Info.plist */ = {isa = PBXFileReference; lastKnownFileType = text.plist.xml; path = "MobileSpec-Info.plist"; sourceTree = "<group>"; };
		EB09F01315A4C67A001A78DC /* en */ = {isa = PBXFileReference; lastKnownFileType = text.plist.strings; name = en; path = en.lproj/InfoPlist.strings; sourceTree = "<group>"; };
		EB09F01515A4C67A001A78DC /* main.m */ = {isa = PBXFileReference; lastKnownFileType = sourcecode.c.objc; path = main.m; sourceTree = "<group>"; };
		EB09F01715A4C67A001A78DC /* MobileSpec-Prefix.pch */ = {isa = PBXFileReference; lastKnownFileType = sourcecode.c.h; path = "MobileSpec-Prefix.pch"; sourceTree = "<group>"; };
		EB09F01D15A4C67A001A78DC /* en */ = {isa = PBXFileReference; lastKnownFileType = text.plist.strings; name = en; path = Resources/en.lproj/Localizable.strings; sourceTree = "<group>"; };
		EB09F02115A4C67A001A78DC /* es */ = {isa = PBXFileReference; lastKnownFileType = text.plist.strings; name = es; path = Resources/es.lproj/Localizable.strings; sourceTree = "<group>"; };
		EB09F02515A4C67A001A78DC /* de */ = {isa = PBXFileReference; lastKnownFileType = text.plist.strings; name = de; path = Resources/de.lproj/Localizable.strings; sourceTree = "<group>"; };
		EB09F02915A4C67A001A78DC /* se */ = {isa = PBXFileReference; lastKnownFileType = text.plist.strings; name = se; path = Resources/se.lproj/Localizable.strings; sourceTree = "<group>"; };
		EB09F02C15A4C67A001A78DC /* icon.png */ = {isa = PBXFileReference; lastKnownFileType = image.png; name = icon.png; path = Resources/icons/icon.png; sourceTree = "<group>"; };
		EB09F02E15A4C67A001A78DC /* icon@2x.png */ = {isa = PBXFileReference; lastKnownFileType = image.png; name = "icon@2x.png"; path = "Resources/icons/icon@2x.png"; sourceTree = "<group>"; };
		EB09F03015A4C67A001A78DC /* icon-72.png */ = {isa = PBXFileReference; lastKnownFileType = image.png; name = "icon-72.png"; path = "Resources/icons/icon-72.png"; sourceTree = "<group>"; };
		EB09F03315A4C67A001A78DC /* Default~iphone.png */ = {isa = PBXFileReference; lastKnownFileType = image.png; name = "Default~iphone.png"; path = "Resources/splash/Default~iphone.png"; sourceTree = "<group>"; };
		EB09F03515A4C67A001A78DC /* Default@2x~iphone.png */ = {isa = PBXFileReference; lastKnownFileType = image.png; name = "Default@2x~iphone.png"; path = "Resources/splash/Default@2x~iphone.png"; sourceTree = "<group>"; };
		EB09F03715A4C67A001A78DC /* Capture.bundle */ = {isa = PBXFileReference; lastKnownFileType = "wrapper.plug-in"; name = Capture.bundle; path = Resources/Capture.bundle; sourceTree = "<group>"; };
		EB09F03915A4C67A001A78DC /* Cordova.plist */ = {isa = PBXFileReference; lastKnownFileType = text.plist.xml; path = Cordova.plist; sourceTree = "<group>"; };
		EB09F03C15A4C67A001A78DC /* AppDelegate.h */ = {isa = PBXFileReference; lastKnownFileType = sourcecode.c.h; name = AppDelegate.h; path = Classes/AppDelegate.h; sourceTree = "<group>"; };
		EB09F03D15A4C67A001A78DC /* AppDelegate.m */ = {isa = PBXFileReference; lastKnownFileType = sourcecode.c.objc; name = AppDelegate.m; path = Classes/AppDelegate.m; sourceTree = "<group>"; };
		EB09F03F15A4C67A001A78DC /* MainViewController.h */ = {isa = PBXFileReference; lastKnownFileType = sourcecode.c.h; name = MainViewController.h; path = Classes/MainViewController.h; sourceTree = "<group>"; };
		EB09F04015A4C67A001A78DC /* MainViewController.m */ = {isa = PBXFileReference; lastKnownFileType = sourcecode.c.objc; name = MainViewController.m; path = Classes/MainViewController.m; sourceTree = "<group>"; };
		EB09F04215A4C67A001A78DC /* MainViewController.xib */ = {isa = PBXFileReference; lastKnownFileType = file.xib; name = MainViewController.xib; path = Classes/MainViewController.xib; sourceTree = "<group>"; };
		EB09F04515A4C67A001A78DC /* README */ = {isa = PBXFileReference; lastKnownFileType = text; name = README; path = Plugins/README; sourceTree = "<group>"; };
		EB09F04615A4C67A001A78DC /* verify.sh */ = {isa = PBXFileReference; lastKnownFileType = text.script.sh; path = verify.sh; sourceTree = "<group>"; };
		EB09F04C15A4CA93001A78DC /* incubator-cordova-mobile-spec */ = {isa = PBXFileReference; lastKnownFileType = folder; name = "incubator-cordova-mobile-spec"; path = "../../../incubator-cordova-mobile-spec"; sourceTree = "<group>"; };
		EB09F04E15A4D072001A78DC /* CordovaLib.xcodeproj */ = {isa = PBXFileReference; lastKnownFileType = "wrapper.pb-project"; name = CordovaLib.xcodeproj; path = "../../incubator-cordova-ios/CordovaLib/CordovaLib.xcodeproj"; sourceTree = "<group>"; };
		EB09F06315A4D36C001A78DC /* VERSION */ = {isa = PBXFileReference; fileEncoding = 4; lastKnownFileType = text; name = VERSION; path = "../../incubator-cordova-ios/CordovaLib/VERSION"; sourceTree = "<group>"; };
/* End PBXFileReference section */

/* Begin PBXFrameworksBuildPhase section */
		EB09EFEB15A4C67A001A78DC /* Frameworks */ = {
			isa = PBXFrameworksBuildPhase;
			buildActionMask = 2147483647;
			files = (
				EB09EFF615A4C67A001A78DC /* Foundation.framework in Frameworks */,
				EB09EFF815A4C67A001A78DC /* UIKit.framework in Frameworks */,
				EB09EFFA15A4C67A001A78DC /* CoreGraphics.framework in Frameworks */,
				EB09EFFC15A4C67A001A78DC /* AddressBook.framework in Frameworks */,
				EB09EFFE15A4C67A001A78DC /* AddressBookUI.framework in Frameworks */,
				EB09F00015A4C67A001A78DC /* AudioToolbox.framework in Frameworks */,
				EB09F00215A4C67A001A78DC /* AVFoundation.framework in Frameworks */,
				EB09F00415A4C67A001A78DC /* CoreLocation.framework in Frameworks */,
				EB09F00615A4C67A001A78DC /* MediaPlayer.framework in Frameworks */,
				EB09F00815A4C67A001A78DC /* QuartzCore.framework in Frameworks */,
				EB09F00A15A4C67A001A78DC /* SystemConfiguration.framework in Frameworks */,
				EB09F00C15A4C67A001A78DC /* MobileCoreServices.framework in Frameworks */,
				EB09F00E15A4C67A001A78DC /* CoreMedia.framework in Frameworks */,
				EBA354FD15A5E1CB00F4DE24 /* libCordova.a in Frameworks */,
			);
			runOnlyForDeploymentPostprocessing = 0;
		};
/* End PBXFrameworksBuildPhase section */

/* Begin PBXGroup section */
		EB09EFE315A4C67A001A78DC = {
			isa = PBXGroup;
			children = (
				EB09F06315A4D36C001A78DC /* VERSION */,
				EB09F04E15A4D072001A78DC /* CordovaLib.xcodeproj */,
				EB09F00F15A4C67A001A78DC /* MobileSpec */,
				EB09EFF415A4C67A001A78DC /* Frameworks */,
				EB09EFF215A4C67A001A78DC /* Products */,
			);
			sourceTree = "<group>";
		};
		EB09EFF215A4C67A001A78DC /* Products */ = {
			isa = PBXGroup;
			children = (
				EB09EFF115A4C67A001A78DC /* MobileSpec.app */,
			);
			name = Products;
			sourceTree = "<group>";
		};
		EB09EFF415A4C67A001A78DC /* Frameworks */ = {
			isa = PBXGroup;
			children = (
				EB09EFF515A4C67A001A78DC /* Foundation.framework */,
				EB09EFF715A4C67A001A78DC /* UIKit.framework */,
				EB09EFF915A4C67A001A78DC /* CoreGraphics.framework */,
				EB09EFFB15A4C67A001A78DC /* AddressBook.framework */,
				EB09EFFD15A4C67A001A78DC /* AddressBookUI.framework */,
				EB09EFFF15A4C67A001A78DC /* AudioToolbox.framework */,
				EB09F00115A4C67A001A78DC /* AVFoundation.framework */,
				EB09F00315A4C67A001A78DC /* CoreLocation.framework */,
				EB09F00515A4C67A001A78DC /* MediaPlayer.framework */,
				EB09F00715A4C67A001A78DC /* QuartzCore.framework */,
				EB09F00915A4C67A001A78DC /* SystemConfiguration.framework */,
				EB09F00B15A4C67A001A78DC /* MobileCoreServices.framework */,
				EB09F00D15A4C67A001A78DC /* CoreMedia.framework */,
			);
			name = Frameworks;
			sourceTree = "<group>";
		};
		EB09F00F15A4C67A001A78DC /* MobileSpec */ = {
			isa = PBXGroup;
			children = (
				EB09F04C15A4CA93001A78DC /* incubator-cordova-mobile-spec */,
				EB09F01A15A4C67A001A78DC /* Resources */,
				EB09F03B15A4C67A001A78DC /* Classes */,
				EB09F04415A4C67A001A78DC /* Plugins */,
				EB09F01015A4C67A001A78DC /* Supporting Files */,
			);
			path = MobileSpec;
			sourceTree = "<group>";
		};
		EB09F01015A4C67A001A78DC /* Supporting Files */ = {
			isa = PBXGroup;
			children = (
				EB09F01115A4C67A001A78DC /* MobileSpec-Info.plist */,
				EB09F01215A4C67A001A78DC /* InfoPlist.strings */,
				EB09F01515A4C67A001A78DC /* main.m */,
				EB09F01715A4C67A001A78DC /* MobileSpec-Prefix.pch */,
				EB09F03915A4C67A001A78DC /* Cordova.plist */,
				EB09F04215A4C67A001A78DC /* MainViewController.xib */,
				EB09F04615A4C67A001A78DC /* verify.sh */,
			);
			name = "Supporting Files";
			sourceTree = "<group>";
		};
		EB09F01A15A4C67A001A78DC /* Resources */ = {
			isa = PBXGroup;
			children = (
				EB09F03715A4C67A001A78DC /* Capture.bundle */,
				EB09F01B15A4C67A001A78DC /* en.lproj */,
				EB09F01F15A4C67A001A78DC /* es.lproj */,
				EB09F02315A4C67A001A78DC /* de.lproj */,
				EB09F02715A4C67A001A78DC /* se.lproj */,
				EB09F02B15A4C67A001A78DC /* icons */,
				EB09F03215A4C67A001A78DC /* splash */,
			);
			name = Resources;
			sourceTree = "<group>";
		};
		EB09F01B15A4C67A001A78DC /* en.lproj */ = {
			isa = PBXGroup;
			children = (
				EB09F01C15A4C67A001A78DC /* Localizable.strings */,
			);
			name = en.lproj;
			sourceTree = "<group>";
		};
		EB09F01F15A4C67A001A78DC /* es.lproj */ = {
			isa = PBXGroup;
			children = (
				EB09F02015A4C67A001A78DC /* Localizable.strings */,
			);
			name = es.lproj;
			sourceTree = "<group>";
		};
		EB09F02315A4C67A001A78DC /* de.lproj */ = {
			isa = PBXGroup;
			children = (
				EB09F02415A4C67A001A78DC /* Localizable.strings */,
			);
			name = de.lproj;
			sourceTree = "<group>";
		};
		EB09F02715A4C67A001A78DC /* se.lproj */ = {
			isa = PBXGroup;
			children = (
				EB09F02815A4C67A001A78DC /* Localizable.strings */,
			);
			name = se.lproj;
			sourceTree = "<group>";
		};
		EB09F02B15A4C67A001A78DC /* icons */ = {
			isa = PBXGroup;
			children = (
				EB09F02C15A4C67A001A78DC /* icon.png */,
				EB09F02E15A4C67A001A78DC /* icon@2x.png */,
				EB09F03015A4C67A001A78DC /* icon-72.png */,
			);
			name = icons;
			sourceTree = "<group>";
		};
		EB09F03215A4C67A001A78DC /* splash */ = {
			isa = PBXGroup;
			children = (
				EB09F03315A4C67A001A78DC /* Default~iphone.png */,
				EB09F03515A4C67A001A78DC /* Default@2x~iphone.png */,
			);
			name = splash;
			sourceTree = "<group>";
		};
		EB09F03B15A4C67A001A78DC /* Classes */ = {
			isa = PBXGroup;
			children = (
				EB09F03C15A4C67A001A78DC /* AppDelegate.h */,
				EB09F03D15A4C67A001A78DC /* AppDelegate.m */,
				EB09F03F15A4C67A001A78DC /* MainViewController.h */,
				EB09F04015A4C67A001A78DC /* MainViewController.m */,
			);
			name = Classes;
			sourceTree = "<group>";
		};
		EB09F04415A4C67A001A78DC /* Plugins */ = {
			isa = PBXGroup;
			children = (
				EB09F04515A4C67A001A78DC /* README */,
			);
			name = Plugins;
			sourceTree = "<group>";
		};
		EBA354EE15A5E16900F4DE24 /* Products */ = {
			isa = PBXGroup;
			children = (
				EBA354F615A5E16900F4DE24 /* libCordova.a */,
				EBA354F815A5E16900F4DE24 /* Cordova.framework */,
				EBA354FA15A5E16900F4DE24 /* CordovaLibTests.octest */,
				EBA354FC15A5E16900F4DE24 /* CordovaLibApp.app */,
			);
			name = Products;
			sourceTree = "<group>";
		};
/* End PBXGroup section */

/* Begin PBXNativeTarget section */
		EB09EFF015A4C67A001A78DC /* MobileSpec */ = {
			isa = PBXNativeTarget;
			buildConfigurationList = EB09F04915A4C67A001A78DC /* Build configuration list for PBXNativeTarget "MobileSpec" */;
			buildPhases = (
				EB09EFEA15A4C67A001A78DC /* Sources */,
				EB09EFEB15A4C67A001A78DC /* Frameworks */,
				EB09EFEC15A4C67A001A78DC /* Resources */,
				EBA3550015A5E2D600F4DE24 /* Create www directory */,
			);
			buildRules = (
			);
			dependencies = (
				EBA354FF15A5E1D300F4DE24 /* PBXTargetDependency */,
			);
			name = MobileSpec;
			productName = MobileSpec;
			productReference = EB09EFF115A4C67A001A78DC /* MobileSpec.app */;
			productType = "com.apple.product-type.application";
		};
/* End PBXNativeTarget section */

/* Begin PBXProject section */
		EB09EFE515A4C67A001A78DC /* Project object */ = {
			isa = PBXProject;
			attributes = {
				LastUpgradeCheck = 0430;
			};
			buildConfigurationList = EB09EFE815A4C67A001A78DC /* Build configuration list for PBXProject "MobileSpec" */;
			compatibilityVersion = "Xcode 3.2";
			developmentRegion = English;
			hasScannedForEncodings = 0;
			knownRegions = (
				en,
				es,
				de,
				se,
			);
			mainGroup = EB09EFE315A4C67A001A78DC;
			productRefGroup = EB09EFF215A4C67A001A78DC /* Products */;
			projectDirPath = "";
			projectReferences = (
				{
					ProductGroup = EBA354EE15A5E16900F4DE24 /* Products */;
					ProjectRef = EB09F04E15A4D072001A78DC /* CordovaLib.xcodeproj */;
				},
			);
			projectRoot = "";
			targets = (
				EB09EFF015A4C67A001A78DC /* MobileSpec */,
			);
		};
/* End PBXProject section */

/* Begin PBXReferenceProxy section */
		EBA354F615A5E16900F4DE24 /* libCordova.a */ = {
			isa = PBXReferenceProxy;
			fileType = archive.ar;
			path = libCordova.a;
			remoteRef = EBA354F515A5E16900F4DE24 /* PBXContainerItemProxy */;
			sourceTree = BUILT_PRODUCTS_DIR;
		};
		EBA354F815A5E16900F4DE24 /* Cordova.framework */ = {
			isa = PBXReferenceProxy;
			fileType = wrapper.cfbundle;
			path = Cordova.framework;
			remoteRef = EBA354F715A5E16900F4DE24 /* PBXContainerItemProxy */;
			sourceTree = BUILT_PRODUCTS_DIR;
		};
		EBA354FA15A5E16900F4DE24 /* CordovaLibTests.octest */ = {
			isa = PBXReferenceProxy;
			fileType = wrapper.cfbundle;
			path = CordovaLibTests.octest;
			remoteRef = EBA354F915A5E16900F4DE24 /* PBXContainerItemProxy */;
			sourceTree = BUILT_PRODUCTS_DIR;
		};
		EBA354FC15A5E16900F4DE24 /* CordovaLibApp.app */ = {
			isa = PBXReferenceProxy;
			fileType = wrapper.application;
			path = CordovaLibApp.app;
			remoteRef = EBA354FB15A5E16900F4DE24 /* PBXContainerItemProxy */;
			sourceTree = BUILT_PRODUCTS_DIR;
		};
/* End PBXReferenceProxy section */

/* Begin PBXResourcesBuildPhase section */
		EB09EFEC15A4C67A001A78DC /* Resources */ = {
			isa = PBXResourcesBuildPhase;
			buildActionMask = 2147483647;
			files = (
				EB09F01415A4C67A001A78DC /* InfoPlist.strings in Resources */,
				EB09F01E15A4C67A001A78DC /* Localizable.strings in Resources */,
				EB09F02215A4C67A001A78DC /* Localizable.strings in Resources */,
				EB09F02615A4C67A001A78DC /* Localizable.strings in Resources */,
				EB09F02A15A4C67A001A78DC /* Localizable.strings in Resources */,
				EB09F02D15A4C67A001A78DC /* icon.png in Resources */,
				EB09F02F15A4C67A001A78DC /* icon@2x.png in Resources */,
				EB09F03115A4C67A001A78DC /* icon-72.png in Resources */,
				EB09F03415A4C67A001A78DC /* Default~iphone.png in Resources */,
				EB09F03615A4C67A001A78DC /* Default@2x~iphone.png in Resources */,
				EB09F03815A4C67A001A78DC /* Capture.bundle in Resources */,
				EB09F03A15A4C67A001A78DC /* Cordova.plist in Resources */,
				EB09F04315A4C67A001A78DC /* MainViewController.xib in Resources */,
				EB09F06415A4D36C001A78DC /* VERSION in Resources */,
				EB09F04D15A4CA93001A78DC /* incubator-cordova-mobile-spec in Resources */,
			);
			runOnlyForDeploymentPostprocessing = 0;
		};
/* End PBXResourcesBuildPhase section */

/* Begin PBXShellScriptBuildPhase section */
		EBA3550015A5E2D600F4DE24 /* Create www directory */ = {
			isa = PBXShellScriptBuildPhase;
			buildActionMask = 2147483647;
			files = (
			);
			inputPaths = (
			);
			name = "Create www directory";
			outputPaths = (
			);
			runOnlyForDeploymentPostprocessing = 0;
			shellPath = /bin/sh;
			shellScript = "cd $BUILT_PRODUCTS_DIR/$FULL_PRODUCT_NAME\nln -sf incubator-cordova-mobile-spec www";
		};
/* End PBXShellScriptBuildPhase section */

/* Begin PBXSourcesBuildPhase section */
		EB09EFEA15A4C67A001A78DC /* Sources */ = {
			isa = PBXSourcesBuildPhase;
			buildActionMask = 2147483647;
			files = (
				EB09F01615A4C67A001A78DC /* main.m in Sources */,
				EB09F03E15A4C67A001A78DC /* AppDelegate.m in Sources */,
				EB09F04115A4C67A001A78DC /* MainViewController.m in Sources */,
			);
			runOnlyForDeploymentPostprocessing = 0;
		};
/* End PBXSourcesBuildPhase section */

/* Begin PBXTargetDependency section */
		EBA354FF15A5E1D300F4DE24 /* PBXTargetDependency */ = {
			isa = PBXTargetDependency;
			name = CordovaLib;
			targetProxy = EBA354FE15A5E1D300F4DE24 /* PBXContainerItemProxy */;
		};
/* End PBXTargetDependency section */

/* Begin PBXVariantGroup section */
		EB09F01215A4C67A001A78DC /* InfoPlist.strings */ = {
			isa = PBXVariantGroup;
			children = (
				EB09F01315A4C67A001A78DC /* en */,
			);
			name = InfoPlist.strings;
			sourceTree = "<group>";
		};
		EB09F01C15A4C67A001A78DC /* Localizable.strings */ = {
			isa = PBXVariantGroup;
			children = (
				EB09F01D15A4C67A001A78DC /* en */,
			);
			name = Localizable.strings;
			sourceTree = "<group>";
		};
		EB09F02015A4C67A001A78DC /* Localizable.strings */ = {
			isa = PBXVariantGroup;
			children = (
				EB09F02115A4C67A001A78DC /* es */,
			);
			name = Localizable.strings;
			sourceTree = "<group>";
		};
		EB09F02415A4C67A001A78DC /* Localizable.strings */ = {
			isa = PBXVariantGroup;
			children = (
				EB09F02515A4C67A001A78DC /* de */,
			);
			name = Localizable.strings;
			sourceTree = "<group>";
		};
		EB09F02815A4C67A001A78DC /* Localizable.strings */ = {
			isa = PBXVariantGroup;
			children = (
				EB09F02915A4C67A001A78DC /* se */,
			);
			name = Localizable.strings;
			sourceTree = "<group>";
		};
/* End PBXVariantGroup section */

/* Begin XCBuildConfiguration section */
		EB09F04715A4C67A001A78DC /* Debug */ = {
			isa = XCBuildConfiguration;
			buildSettings = {
				ALWAYS_SEARCH_USER_PATHS = NO;
				ARCHS = "$(ARCHS_STANDARD_32_BIT)";
				"CODE_SIGN_IDENTITY[sdk=iphoneos*]" = "iPhone Developer";
				COPY_PHASE_STRIP = NO;
				GCC_C_LANGUAGE_STANDARD = gnu99;
				GCC_DYNAMIC_NO_PIC = NO;
				GCC_OPTIMIZATION_LEVEL = 0;
				GCC_PREPROCESSOR_DEFINITIONS = (
					"DEBUG=1",
					"$(inherited)",
				);
				GCC_SYMBOLS_PRIVATE_EXTERN = NO;
				GCC_VERSION = com.apple.compilers.llvm.clang.1_0;
				GCC_WARN_ABOUT_RETURN_TYPE = YES;
				GCC_WARN_UNINITIALIZED_AUTOS = YES;
				GCC_WARN_UNUSED_VARIABLE = YES;
				IPHONEOS_DEPLOYMENT_TARGET = 5.0;
				OTHER_LDFLAGS = "-all_load";
				SDKROOT = iphoneos;
				TARGETED_DEVICE_FAMILY = "1,2";
			};
			name = Debug;
		};
		EB09F04815A4C67A001A78DC /* Release */ = {
			isa = XCBuildConfiguration;
			buildSettings = {
				ALWAYS_SEARCH_USER_PATHS = NO;
				ARCHS = "$(ARCHS_STANDARD_32_BIT)";
				"CODE_SIGN_IDENTITY[sdk=iphoneos*]" = "iPhone Developer";
				COPY_PHASE_STRIP = YES;
				GCC_C_LANGUAGE_STANDARD = gnu99;
				GCC_VERSION = com.apple.compilers.llvm.clang.1_0;
				GCC_WARN_ABOUT_RETURN_TYPE = YES;
				GCC_WARN_UNINITIALIZED_AUTOS = YES;
				GCC_WARN_UNUSED_VARIABLE = YES;
				IPHONEOS_DEPLOYMENT_TARGET = 5.0;
				OTHER_LDFLAGS = "-all_load";
				SDKROOT = iphoneos;
				TARGETED_DEVICE_FAMILY = "1,2";
				VALIDATE_PRODUCT = YES;
			};
			name = Release;
		};
		EB09F04A15A4C67A001A78DC /* Debug */ = {
			isa = XCBuildConfiguration;
			buildSettings = {
				ALWAYS_SEARCH_USER_PATHS = YES;
				COPY_PHASE_STRIP = NO;
				FRAMEWORK_SEARCH_PATHS = /Users/Shared/Cordova/Frameworks;
				GCC_DYNAMIC_NO_PIC = NO;
				GCC_PRECOMPILE_PREFIX_HEADER = YES;
				GCC_PREFIX_HEADER = "MobileSpec/MobileSpec-Prefix.pch";
				GCC_PREPROCESSOR_DEFINITIONS = (
					"DEBUG=1,",
					"CORDOVA_FRAMEWORK=1",
				);
				INFOPLIST_FILE = "MobileSpec/MobileSpec-Info.plist";
				IPHONEOS_DEPLOYMENT_TARGET = 5.0;
				OTHER_LDFLAGS = (
					"-weak_framework",
					UIKit,
					"-weak_framework",
					AVFoundation,
					"-weak_framework",
					CoreMedia,
					"-weak-lSystem",
					"$(inherited)",
				);
				PRODUCT_NAME = "$(TARGET_NAME)";
				TARGETED_DEVICE_FAMILY = "1,2";
				WRAPPER_EXTENSION = app;
			};
			name = Debug;
		};
		EB09F04B15A4C67A001A78DC /* Release */ = {
			isa = XCBuildConfiguration;
			buildSettings = {
				ALWAYS_SEARCH_USER_PATHS = YES;
				COPY_PHASE_STRIP = YES;
				DEBUG_INFORMATION_FORMAT = "dwarf-with-dsym";
				FRAMEWORK_SEARCH_PATHS = /Users/Shared/Cordova/Frameworks;
				GCC_PRECOMPILE_PREFIX_HEADER = YES;
				GCC_PREFIX_HEADER = "MobileSpec/MobileSpec-Prefix.pch";
				GCC_PREPROCESSOR_DEFINITIONS = (
					"NDEBUG=1,",
					"CORDOVA_FRAMEWORK=1",
				);
				INFOPLIST_FILE = "MobileSpec/MobileSpec-Info.plist";
				IPHONEOS_DEPLOYMENT_TARGET = 5.0;
				OTHER_LDFLAGS = (
					"-weak_framework",
					UIKit,
					"-weak_framework",
					AVFoundation,
					"-weak_framework",
					CoreMedia,
					"-weak-lSystem",
					"$(inherited)",
				);
				PRODUCT_NAME = "$(TARGET_NAME)";
				TARGETED_DEVICE_FAMILY = "1,2";
				VALIDATE_PRODUCT = YES;
				WRAPPER_EXTENSION = app;
			};
			name = Release;
		};
/* End XCBuildConfiguration section */

/* Begin XCConfigurationList section */
		EB09EFE815A4C67A001A78DC /* Build configuration list for PBXProject "MobileSpec" */ = {
			isa = XCConfigurationList;
			buildConfigurations = (
				EB09F04715A4C67A001A78DC /* Debug */,
				EB09F04815A4C67A001A78DC /* Release */,
			);
			defaultConfigurationIsVisible = 0;
			defaultConfigurationName = Release;
		};
		EB09F04915A4C67A001A78DC /* Build configuration list for PBXNativeTarget "MobileSpec" */ = {
			isa = XCConfigurationList;
			buildConfigurations = (
				EB09F04A15A4C67A001A78DC /* Debug */,
				EB09F04B15A4C67A001A78DC /* Release */,
			);
			defaultConfigurationIsVisible = 0;
			defaultConfigurationName = Release;
		};
/* End XCConfigurationList section */
	};
	rootObject = EB09EFE515A4C67A001A78DC /* Project object */;
}
